
Microsoft Visual Studio Solution File, Format Version 12.00
# Visual Studio Version 17
VisualStudioVersion = 17.12.35514.174
MinimumVisualStudioVersion = 10.0.40219.1
Project("{FAE04EC0-301F-11D3-BF4B-00C04F79EFBC}") = "RunProject", "RunProject\RunProject.csproj", "{8644D567-6519-4C9C-AF39-11B373FD7420}"
EndProject
Project("{FAE04EC0-301F-11D3-BF4B-00C04F79EFBC}") = "InputLibrary", "..\InputLibrary\InputLibrary.csproj", "{042C24F9-D1C8-4156-98DD-AD1B6BC6F291}"
EndProject
Project("{FAE04EC0-301F-11D3-BF4B-00C04F79EFBC}") = "GameLibrary", "..\Lab10\GameLibrary\GameLibrary.csproj", "{C2DF8467-A3E5-41A4-88CB-86AC7A57526A}"
EndProject
Project("{FAE04EC0-301F-11D3-BF4B-00C04F79EFBC}") = "TestProject", "TestProject\TestProject.csproj", "{2F1586FB-55D9-42D2-A4F7-F4E6909DC2E5}"
EndProject
Project("{FAE04EC0-301F-11D3-BF4B-00C04F79EFBC}") = "ConsoleApp1", "..\..\..\Степан\Downloads\ConsoleApp1\ConsoleApp1.csproj", "{FADB2970-8AF4-4A46-BF73-E3F63F4DA68E}"
EndProject
Project("{FAE04EC0-301F-11D3-BF4B-00C04F79EFBC}") = "Run14", "Run14\Run14.csproj", "{30C0E350-DB5E-434A-BBD1-9BE1714B86FA}"
	ProjectSection(ProjectDependencies) = postProject
		{042C24F9-D1C8-4156-98DD-AD1B6BC6F291} = {042C24F9-D1C8-4156-98DD-AD1B6BC6F291}
		{C2DF8467-A3E5-41A4-88CB-86AC7A57526A} = {C2DF8467-A3E5-41A4-88CB-86AC7A57526A}
	EndProjectSection
EndProject
Global
	GlobalSection(SolutionConfigurationPlatforms) = preSolution
		Debug|Any CPU = Debug|Any CPU
		Debug|x64 = Debug|x64
		Debug|x86 = Debug|x86
		Release|Any CPU = Release|Any CPU
		Release|x64 = Release|x64
		Release|x86 = Release|x86
	EndGlobalSection
	GlobalSection(ProjectConfigurationPlatforms) = postSolution
		{8644D567-6519-4C9C-AF39-11B373FD7420}.Debug|Any CPU.ActiveCfg = Debug|Any CPU
		{8644D567-6519-4C9C-AF39-11B373FD7420}.Debug|Any CPU.Build.0 = Debug|Any CPU
		{8644D567-6519-4C9C-AF39-11B373FD7420}.Debug|x64.ActiveCfg = Debug|Any CPU
		{8644D567-6519-4C9C-AF39-11B373FD7420}.Debug|x64.Build.0 = Debug|Any CPU
		{8644D567-6519-4C9C-AF39-11B373FD7420}.Debug|x86.ActiveCfg = Debug|Any CPU
		{8644D567-6519-4C9C-AF39-11B373FD7420}.Debug|x86.Build.0 = Debug|Any CPU
		{8644D567-6519-4C9C-AF39-11B373FD7420}.Release|Any CPU.ActiveCfg = Release|Any CPU
		{8644D567-6519-4C9C-AF39-11B373FD7420}.Release|Any CPU.Build.0 = Release|Any CPU
		{8644D567-6519-4C9C-AF39-11B373FD7420}.Release|x64.ActiveCfg = Release|Any CPU
		{8644D567-6519-4C9C-AF39-11B373FD7420}.Release|x64.Build.0 = Release|Any CPU
		{8644D567-6519-4C9C-AF39-11B373FD7420}.Release|x86.ActiveCfg = Release|Any CPU
		{8644D567-6519-4C9C-AF39-11B373FD7420}.Release|x86.Build.0 = Release|Any CPU
		{042C24F9-D1C8-4156-98DD-AD1B6BC6F291}.Debug|Any CPU.ActiveCfg = Debug|Any CPU
		{042C24F9-D1C8-4156-98DD-AD1B6BC6F291}.Debug|Any CPU.Build.0 = Debug|Any CPU
		{042C24F9-D1C8-4156-98DD-AD1B6BC6F291}.Debug|x64.ActiveCfg = Debug|Any CPU
		{042C24F9-D1C8-4156-98DD-AD1B6BC6F291}.Debug|x64.Build.0 = Debug|Any CPU
		{042C24F9-D1C8-4156-98DD-AD1B6BC6F291}.Debug|x86.ActiveCfg = Debug|Any CPU
		{042C24F9-D1C8-4156-98DD-AD1B6BC6F291}.Debug|x86.Build.0 = Debug|Any CPU
		{042C24F9-D1C8-4156-98DD-AD1B6BC6F291}.Release|Any CPU.ActiveCfg = Release|Any CPU
		{042C24F9-D1C8-4156-98DD-AD1B6BC6F291}.Release|Any CPU.Build.0 = Release|Any CPU
		{042C24F9-D1C8-4156-98DD-AD1B6BC6F291}.Release|x64.ActiveCfg = Release|Any CPU
		{042C24F9-D1C8-4156-98DD-AD1B6BC6F291}.Release|x64.Build.0 = Release|Any CPU
		{042C24F9-D1C8-4156-98DD-AD1B6BC6F291}.Release|x86.ActiveCfg = Release|Any CPU
		{042C24F9-D1C8-4156-98DD-AD1B6BC6F291}.Release|x86.Build.0 = Release|Any CPU
		{C2DF8467-A3E5-41A4-88CB-86AC7A57526A}.Debug|Any CPU.ActiveCfg = Debug|Any CPU
		{C2DF8467-A3E5-41A4-88CB-86AC7A57526A}.Debug|Any CPU.Build.0 = Debug|Any CPU
		{C2DF8467-A3E5-41A4-88CB-86AC7A57526A}.Debug|x64.ActiveCfg = Debug|Any CPU
		{C2DF8467-A3E5-41A4-88CB-86AC7A57526A}.Debug|x64.Build.0 = Debug|Any CPU
		{C2DF8467-A3E5-41A4-88CB-86AC7A57526A}.Debug|x86.ActiveCfg = Debug|Any CPU
		{C2DF8467-A3E5-41A4-88CB-86AC7A57526A}.Debug|x86.Build.0 = Debug|Any CPU
		{C2DF8467-A3E5-41A4-88CB-86AC7A57526A}.Release|Any CPU.ActiveCfg = Release|Any CPU
		{C2DF8467-A3E5-41A4-88CB-86AC7A57526A}.Release|Any CPU.Build.0 = Release|Any CPU
		{C2DF8467-A3E5-41A4-88CB-86AC7A57526A}.Release|x64.ActiveCfg = Release|Any CPU
		{C2DF8467-A3E5-41A4-88CB-86AC7A57526A}.Release|x64.Build.0 = Release|Any CPU
		{C2DF8467-A3E5-41A4-88CB-86AC7A57526A}.Release|x86.ActiveCfg = Release|Any CPU
		{C2DF8467-A3E5-41A4-88CB-86AC7A57526A}.Release|x86.Build.0 = Release|Any CPU
		{2F1586FB-55D9-42D2-A4F7-F4E6909DC2E5}.Debug|Any CPU.ActiveCfg = Debug|Any CPU
		{2F1586FB-55D9-42D2-A4F7-F4E6909DC2E5}.Debug|Any CPU.Build.0 = Debug|Any CPU
		{2F1586FB-55D9-42D2-A4F7-F4E6909DC2E5}.Debug|x64.ActiveCfg = Debug|Any CPU
		{2F1586FB-55D9-42D2-A4F7-F4E6909DC2E5}.Debug|x64.Build.0 = Debug|Any CPU
		{2F1586FB-55D9-42D2-A4F7-F4E6909DC2E5}.Debug|x86.ActiveCfg = Debug|Any CPU
		{2F1586FB-55D9-42D2-A4F7-F4E6909DC2E5}.Debug|x86.Build.0 = Debug|Any CPU
		{2F1586FB-55D9-42D2-A4F7-F4E6909DC2E5}.Release|Any CPU.ActiveCfg = Release|Any CPU
		{2F1586FB-55D9-42D2-A4F7-F4E6909DC2E5}.Release|Any CPU.Build.0 = Release|Any CPU
		{2F1586FB-55D9-42D2-A4F7-F4E6909DC2E5}.Release|x64.ActiveCfg = Release|Any CPU
		{2F1586FB-55D9-42D2-A4F7-F4E6909DC2E5}.Release|x64.Build.0 = Release|Any CPU
		{2F1586FB-55D9-42D2-A4F7-F4E6909DC2E5}.Release|x86.ActiveCfg = Release|Any CPU
		{2F1586FB-55D9-42D2-A4F7-F4E6909DC2E5}.Release|x86.Build.0 = Release|Any CPU
		{FADB2970-8AF4-4A46-BF73-E3F63F4DA68E}.Debug|Any CPU.ActiveCfg = Debug|Any CPU
		{FADB2970-8AF4-4A46-BF73-E3F63F4DA68E}.Debug|Any CPU.Build.0 = Debug|Any CPU
		{FADB2970-8AF4-4A46-BF73-E3F63F4DA68E}.Debug|x64.ActiveCfg = Debug|Any CPU
		{FADB2970-8AF4-4A46-BF73-E3F63F4DA68E}.Debug|x64.Build.0 = Debug|Any CPU
		{FADB2970-8AF4-4A46-BF73-E3F63F4DA68E}.Debug|x86.ActiveCfg = Debug|Any CPU
		{FADB2970-8AF4-4A46-BF73-E3F63F4DA68E}.Debug|x86.Build.0 = Debug|Any CPU
		{FADB2970-8AF4-4A46-BF73-E3F63F4DA68E}.Release|Any CPU.ActiveCfg = Release|Any CPU
		{FADB2970-8AF4-4A46-BF73-E3F63F4DA68E}.Release|Any CPU.Build.0 = Release|Any CPU
		{FADB2970-8AF4-4A46-BF73-E3F63F4DA68E}.Release|x64.ActiveCfg = Release|Any CPU
		{FADB2970-8AF4-4A46-BF73-E3F63F4DA68E}.Release|x64.Build.0 = Release|Any CPU
		{FADB2970-8AF4-4A46-BF73-E3F63F4DA68E}.Release|x86.ActiveCfg = Release|Any CPU
		{FADB2970-8AF4-4A46-BF73-E3F63F4DA68E}.Release|x86.Build.0 = Release|Any CPU
		{30C0E350-DB5E-434A-BBD1-9BE1714B86FA}.Debug|Any CPU.ActiveCfg = Debug|Any CPU
		{30C0E350-DB5E-434A-BBD1-9BE1714B86FA}.Debug|Any CPU.Build.0 = Debug|Any CPU
		{30C0E350-DB5E-434A-BBD1-9BE1714B86FA}.Debug|x64.ActiveCfg = Debug|Any CPU
		{30C0E350-DB5E-434A-BBD1-9BE1714B86FA}.Debug|x64.Build.0 = Debug|Any CPU
		{30C0E350-DB5E-434A-BBD1-9BE1714B86FA}.Debug|x86.ActiveCfg = Debug|Any CPU
		{30C0E350-DB5E-434A-BBD1-9BE1714B86FA}.Debug|x86.Build.0 = Debug|Any CPU
		{30C0E350-DB5E-434A-BBD1-9BE1714B86FA}.Release|Any CPU.ActiveCfg = Release|Any CPU
		{30C0E350-DB5E-434A-BBD1-9BE1714B86FA}.Release|Any CPU.Build.0 = Release|Any CPU
		{30C0E350-DB5E-434A-BBD1-9BE1714B86FA}.Release|x64.ActiveCfg = Release|Any CPU
		{30C0E350-DB5E-434A-BBD1-9BE1714B86FA}.Release|x64.Build.0 = Release|Any CPU
		{30C0E350-DB5E-434A-BBD1-9BE1714B86FA}.Release|x86.ActiveCfg = Release|Any CPU
		{30C0E350-DB5E-434A-BBD1-9BE1714B86FA}.Release|x86.Build.0 = Release|Any CPU
	EndGlobalSection
	GlobalSection(SolutionProperties) = preSolution
		HideSolutionNode = FALSE
	EndGlobalSection
EndGlobal
